
Microsoft Visual Studio Solution File, Format Version 12.00
# Visual Studio Version 16
VisualStudioVersion = 16.0.30523.141
MinimumVisualStudioVersion = 10.0.40219.1
Project("{FAE04EC0-301F-11D3-BF4B-00C04F79EFBC}") = "Ef2PrsConsole", "Ef2PrsConsole\Ef2PrsConsole.csproj", "{2F58575A-466C-46AF-BBA0-D17B2796B963}"
EndProject
Project("{FAE04EC0-301F-11D3-BF4B-00C04F79EFBC}") = "Ef2PrsLib", "Ef2PrsLib\Ef2PrsLib.csproj", "{88A7E3CD-FCBD-42B4-A099-FC493D16C935}"
EndProject
Global
	GlobalSection(SolutionConfigurationPlatforms) = preSolution
		Debug|Any CPU = Debug|Any CPU
		Release|Any CPU = Release|Any CPU
	EndGlobalSection
	GlobalSection(ProjectConfigurationPlatforms) = postSolution
		{2F58575A-466C-46AF-BBA0-D17B2796B963}.Debug|Any CPU.ActiveCfg = Debug|Any CPU
		{2F58575A-466C-46AF-BBA0-D17B2796B963}.Debug|Any CPU.Build.0 = Debug|Any CPU
		{2F58575A-466C-46AF-BBA0-D17B2796B963}.Release|Any CPU.ActiveCfg = Release|Any CPU
		{2F58575A-466C-46AF-BBA0-D17B2796B963}.Release|Any CPU.Build.0 = Release|Any CPU
		{88A7E3CD-FCBD-42B4-A099-FC493D16C935}.Debug|Any CPU.ActiveCfg = Debug|Any CPU
		{88A7E3CD-FCBD-42B4-A099-FC493D16C935}.Debug|Any CPU.Build.0 = Debug|Any CPU
		{88A7E3CD-FCBD-42B4-A099-FC493D16C935}.Release|Any CPU.ActiveCfg = Release|Any CPU
		{88A7E3CD-FCBD-42B4-A099-FC493D16C935}.Release|Any CPU.Build.0 = Release|Any CPU
	EndGlobalSection
	GlobalSection(SolutionProperties) = preSolution
		HideSolutionNode = FALSE
	EndGlobalSection
	GlobalSection(ExtensibilityGlobals) = postSolution
		SolutionGuid = {D99315BD-79E8-4520-935C-EA245B633CBE}
	EndGlobalSection
EndGlobal
